
Microsoft Visual Studio Solution File, Format Version 12.00
Project("{F2A71F9B-5D33-465A-A702-920D77279786}") = "ProgFonctionnelle1", "ProgFonctionnelle1\ProgFonctionnelle1.fsproj", "{0E31E8AB-470F-43C1-BBF0-4ADAE18CC734}"
EndProject
Project("{F2A71F9B-5D33-465A-A702-920D77279786}") = "TestProject1", "TestProject1\TestProject1.fsproj", "{3726CCFD-4550-460C-9057-CB52C7AC0BF4}"
EndProject
Global
	GlobalSection(SolutionConfigurationPlatforms) = preSolution
		Debug|Any CPU = Debug|Any CPU
		Release|Any CPU = Release|Any CPU
	EndGlobalSection
	GlobalSection(ProjectConfigurationPlatforms) = postSolution
		{0E31E8AB-470F-43C1-BBF0-4ADAE18CC734}.Debug|Any CPU.ActiveCfg = Debug|Any CPU
		{0E31E8AB-470F-43C1-BBF0-4ADAE18CC734}.Debug|Any CPU.Build.0 = Debug|Any CPU
		{0E31E8AB-470F-43C1-BBF0-4ADAE18CC734}.Release|Any CPU.ActiveCfg = Release|Any CPU
		{0E31E8AB-470F-43C1-BBF0-4ADAE18CC734}.Release|Any CPU.Build.0 = Release|Any CPU
		{3726CCFD-4550-460C-9057-CB52C7AC0BF4}.Debug|Any CPU.ActiveCfg = Debug|Any CPU
		{3726CCFD-4550-460C-9057-CB52C7AC0BF4}.Debug|Any CPU.Build.0 = Debug|Any CPU
		{3726CCFD-4550-460C-9057-CB52C7AC0BF4}.Release|Any CPU.ActiveCfg = Release|Any CPU
		{3726CCFD-4550-460C-9057-CB52C7AC0BF4}.Release|Any CPU.Build.0 = Release|Any CPU
	EndGlobalSection
EndGlobal
